// !$*UTF8*$!
{
	archiveVersion = 1;
	classes = {
	};
	objectVersion = 52;
	objects = {

/* Begin PBXBuildFile section */
		88201A332502B513006152F1 /* FavoriteDuos.swift in Sources */ = {isa = PBXBuildFile; fileRef = 88201A322502B513006152F1 /* FavoriteDuos.swift */; };
		8836C51124FDF58C00FCAABF /* PixaBayImage.swift in Sources */ = {isa = PBXBuildFile; fileRef = 8836C51024FDF58C00FCAABF /* PixaBayImage.swift */; };
		8836C51424FDF63900FCAABF /* Kingfisher in Frameworks */ = {isa = PBXBuildFile; productRef = 8836C51324FDF63900FCAABF /* Kingfisher */; };
		8836C51824FE80A000FCAABF /* flickPhoto.swift in Sources */ = {isa = PBXBuildFile; fileRef = 8836C51724FE809F00FCAABF /* flickPhoto.swift */; };
		8836C51A24FE80AD00FCAABF /* flickerSearch.swift in Sources */ = {isa = PBXBuildFile; fileRef = 8836C51924FE80AD00FCAABF /* flickerSearch.swift */; };
		8836C51C24FE816300FCAABF /* FlickerAPIClient.swift in Sources */ = {isa = PBXBuildFile; fileRef = 8836C51B24FE816300FCAABF /* FlickerAPIClient.swift */; };
		88763CA824FDCCE900EE3409 /* AppDelegate.swift in Sources */ = {isa = PBXBuildFile; fileRef = 88763CA724FDCCE900EE3409 /* AppDelegate.swift */; };
		88763CAA24FDCCE900EE3409 /* SceneDelegate.swift in Sources */ = {isa = PBXBuildFile; fileRef = 88763CA924FDCCE900EE3409 /* SceneDelegate.swift */; };
		88763CAC24FDCCE900EE3409 /* ListViewController.swift in Sources */ = {isa = PBXBuildFile; fileRef = 88763CAB24FDCCE900EE3409 /* ListViewController.swift */; };
		88763CAF24FDCCE900EE3409 /* Main.storyboard in Resources */ = {isa = PBXBuildFile; fileRef = 88763CAD24FDCCE900EE3409 /* Main.storyboard */; };
		88763CB124FDCCEB00EE3409 /* Assets.xcassets in Resources */ = {isa = PBXBuildFile; fileRef = 88763CB024FDCCEB00EE3409 /* Assets.xcassets */; };
		88763CB424FDCCEB00EE3409 /* LaunchScreen.storyboard in Resources */ = {isa = PBXBuildFile; fileRef = 88763CB224FDCCEB00EE3409 /* LaunchScreen.storyboard */; };
		88763CBC24FDCFD300EE3409 /* BirdSpecies.swift in Sources */ = {isa = PBXBuildFile; fileRef = 88763CBB24FDCFD300EE3409 /* BirdSpecies.swift */; };
		88763CC024FDDB4E00EE3409 /* secrets.swift in Sources */ = {isa = PBXBuildFile; fileRef = 88763CBF24FDDB4E00EE3409 /* secrets.swift */; };
		88763CC724FDDC8A00EE3409 /* NetworkHelper.swift in Sources */ = {isa = PBXBuildFile; fileRef = 88763CC624FDDC8A00EE3409 /* NetworkHelper.swift */; };
		88763CCB24FDE49800EE3409 /* PlantsSpecies.swift in Sources */ = {isa = PBXBuildFile; fileRef = 88763CCA24FDE49800EE3409 /* PlantsSpecies.swift */; };
		88763CCD24FDEA0300EE3409 /* RandomPairViewController.swift in Sources */ = {isa = PBXBuildFile; fileRef = 88763CCC24FDEA0300EE3409 /* RandomPairViewController.swift */; };
		88C0E8FD25055CB50089FED5 /* DetailViewController.swift in Sources */ = {isa = PBXBuildFile; fileRef = 88C0E8FC25055CB50089FED5 /* DetailViewController.swift */; };
		88C6782F2505B0870054BC5D /* DetailViewController.storyboard in Resources */ = {isa = PBXBuildFile; fileRef = 88C6782E2505B0870054BC5D /* DetailViewController.storyboard */; };
		88C6783125067FC90054BC5D /* AboutViewController.storyboard in Resources */ = {isa = PBXBuildFile; fileRef = 88C6783025067FC90054BC5D /* AboutViewController.storyboard */; };
		88C67833250682150054BC5D /* AboutViewController.swift in Sources */ = {isa = PBXBuildFile; fileRef = 88C67832250682150054BC5D /* AboutViewController.swift */; };
		88C678352506E7580054BC5D /* EmptyView.swift in Sources */ = {isa = PBXBuildFile; fileRef = 88C678342506E7580054BC5D /* EmptyView.swift */; };
		88C6783825082DEE0054BC5D /* ImageZoomView.swift in Sources */ = {isa = PBXBuildFile; fileRef = 88C6783725082DEE0054BC5D /* ImageZoomView.swift */; };
		88C6783A250834CB0054BC5D /* ImageZoomViewController.storyboard in Resources */ = {isa = PBXBuildFile; fileRef = 88C67839250834CB0054BC5D /* ImageZoomViewController.storyboard */; };
		88C6783C25083A550054BC5D /* ImageZoomViewController.swift in Sources */ = {isa = PBXBuildFile; fileRef = 88C6783B25083A550054BC5D /* ImageZoomViewController.swift */; };
		88D630A425017FDE0033E275 /* DataPersistence in Frameworks */ = {isa = PBXBuildFile; productRef = 88D630A325017FDE0033E275 /* DataPersistence */; };
		88D630A82501837F0033E275 /* MainTabBarController.swift in Sources */ = {isa = PBXBuildFile; fileRef = 88D630A72501837F0033E275 /* MainTabBarController.swift */; };
		88D630AA2501994C0033E275 /* UIViewController_Extension.swift in Sources */ = {isa = PBXBuildFile; fileRef = 88D630A92501994C0033E275 /* UIViewController_Extension.swift */; };
/* End PBXBuildFile section */

/* Begin PBXFileReference section */
		88201A322502B513006152F1 /* FavoriteDuos.swift */ = {isa = PBXFileReference; lastKnownFileType = sourcecode.swift; path = FavoriteDuos.swift; sourceTree = "<group>"; };
		8836C51024FDF58C00FCAABF /* PixaBayImage.swift */ = {isa = PBXFileReference; lastKnownFileType = sourcecode.swift; path = PixaBayImage.swift; sourceTree = "<group>"; };
		8836C51724FE809F00FCAABF /* flickPhoto.swift */ = {isa = PBXFileReference; fileEncoding = 4; lastKnownFileType = sourcecode.swift; path = flickPhoto.swift; sourceTree = "<group>"; };
		8836C51924FE80AD00FCAABF /* flickerSearch.swift */ = {isa = PBXFileReference; lastKnownFileType = sourcecode.swift; path = flickerSearch.swift; sourceTree = "<group>"; };
		8836C51B24FE816300FCAABF /* FlickerAPIClient.swift */ = {isa = PBXFileReference; lastKnownFileType = sourcecode.swift; path = FlickerAPIClient.swift; sourceTree = "<group>"; };
		88763CA424FDCCE900EE3409 /* BotanicalBirds.app */ = {isa = PBXFileReference; explicitFileType = wrapper.application; includeInIndex = 0; path = BotanicalBirds.app; sourceTree = BUILT_PRODUCTS_DIR; };
		88763CA724FDCCE900EE3409 /* AppDelegate.swift */ = {isa = PBXFileReference; lastKnownFileType = sourcecode.swift; path = AppDelegate.swift; sourceTree = "<group>"; };
		88763CA924FDCCE900EE3409 /* SceneDelegate.swift */ = {isa = PBXFileReference; lastKnownFileType = sourcecode.swift; path = SceneDelegate.swift; sourceTree = "<group>"; };
		88763CAB24FDCCE900EE3409 /* ListViewController.swift */ = {isa = PBXFileReference; lastKnownFileType = sourcecode.swift; path = ListViewController.swift; sourceTree = "<group>"; };
		88763CAE24FDCCE900EE3409 /* Base */ = {isa = PBXFileReference; lastKnownFileType = file.storyboard; name = Base; path = Base.lproj/Main.storyboard; sourceTree = "<group>"; };
		88763CB024FDCCEB00EE3409 /* Assets.xcassets */ = {isa = PBXFileReference; lastKnownFileType = folder.assetcatalog; path = Assets.xcassets; sourceTree = "<group>"; };
		88763CB324FDCCEB00EE3409 /* Base */ = {isa = PBXFileReference; lastKnownFileType = file.storyboard; name = Base; path = Base.lproj/LaunchScreen.storyboard; sourceTree = "<group>"; };
		88763CB524FDCCEB00EE3409 /* Info.plist */ = {isa = PBXFileReference; lastKnownFileType = text.plist.xml; path = Info.plist; sourceTree = "<group>"; };
		88763CBB24FDCFD300EE3409 /* BirdSpecies.swift */ = {isa = PBXFileReference; lastKnownFileType = sourcecode.swift; path = BirdSpecies.swift; sourceTree = "<group>"; };
		88763CBF24FDDB4E00EE3409 /* secrets.swift */ = {isa = PBXFileReference; lastKnownFileType = sourcecode.swift; name = secrets.swift; path = ../../secrets.swift; sourceTree = "<group>"; };
		88763CC624FDDC8A00EE3409 /* NetworkHelper.swift */ = {isa = PBXFileReference; lastKnownFileType = sourcecode.swift; path = NetworkHelper.swift; sourceTree = "<group>"; };
		88763CCA24FDE49800EE3409 /* PlantsSpecies.swift */ = {isa = PBXFileReference; lastKnownFileType = sourcecode.swift; path = PlantsSpecies.swift; sourceTree = "<group>"; };
		88763CCC24FDEA0300EE3409 /* RandomPairViewController.swift */ = {isa = PBXFileReference; lastKnownFileType = sourcecode.swift; path = RandomPairViewController.swift; sourceTree = "<group>"; };
		88C0E8FC25055CB50089FED5 /* DetailViewController.swift */ = {isa = PBXFileReference; lastKnownFileType = sourcecode.swift; path = DetailViewController.swift; sourceTree = "<group>"; };
		88C6782E2505B0870054BC5D /* DetailViewController.storyboard */ = {isa = PBXFileReference; lastKnownFileType = file.storyboard; path = DetailViewController.storyboard; sourceTree = "<group>"; };
		88C6783025067FC90054BC5D /* AboutViewController.storyboard */ = {isa = PBXFileReference; lastKnownFileType = file.storyboard; path = AboutViewController.storyboard; sourceTree = "<group>"; };
		88C67832250682150054BC5D /* AboutViewController.swift */ = {isa = PBXFileReference; lastKnownFileType = sourcecode.swift; path = AboutViewController.swift; sourceTree = "<group>"; };
		88C678342506E7580054BC5D /* EmptyView.swift */ = {isa = PBXFileReference; fileEncoding = 4; lastKnownFileType = sourcecode.swift; path = EmptyView.swift; sourceTree = "<group>"; };
		88C6783725082DEE0054BC5D /* ImageZoomView.swift */ = {isa = PBXFileReference; lastKnownFileType = sourcecode.swift; path = ImageZoomView.swift; sourceTree = "<group>"; };
		88C67839250834CB0054BC5D /* ImageZoomViewController.storyboard */ = {isa = PBXFileReference; lastKnownFileType = file.storyboard; path = ImageZoomViewController.storyboard; sourceTree = "<group>"; };
		88C6783B25083A550054BC5D /* ImageZoomViewController.swift */ = {isa = PBXFileReference; lastKnownFileType = sourcecode.swift; path = ImageZoomViewController.swift; sourceTree = "<group>"; };
		88D630A72501837F0033E275 /* MainTabBarController.swift */ = {isa = PBXFileReference; lastKnownFileType = sourcecode.swift; path = MainTabBarController.swift; sourceTree = "<group>"; };
		88D630A92501994C0033E275 /* UIViewController_Extension.swift */ = {isa = PBXFileReference; lastKnownFileType = sourcecode.swift; path = UIViewController_Extension.swift; sourceTree = "<group>"; };
/* End PBXFileReference section */

/* Begin PBXFrameworksBuildPhase section */
		88763CA124FDCCE900EE3409 /* Frameworks */ = {
			isa = PBXFrameworksBuildPhase;
			buildActionMask = 2147483647;
			files = (
				88D630A425017FDE0033E275 /* DataPersistence in Frameworks */,
				8836C51424FDF63900FCAABF /* Kingfisher in Frameworks */,
			);
			runOnlyForDeploymentPostprocessing = 0;
		};
/* End PBXFrameworksBuildPhase section */

/* Begin PBXGroup section */
		88763C9B24FDCCE900EE3409 = {
			isa = PBXGroup;
			children = (
				88763CA624FDCCE900EE3409 /* BirdFlower */,
				88763CA524FDCCE900EE3409 /* Products */,
			);
			sourceTree = "<group>";
		};
		88763CA524FDCCE900EE3409 /* Products */ = {
			isa = PBXGroup;
			children = (
				88763CA424FDCCE900EE3409 /* BotanicalBirds.app */,
			);
			name = Products;
			sourceTree = "<group>";
		};
		88763CA624FDCCE900EE3409 /* BirdFlower */ = {
			isa = PBXGroup;
			children = (
				88C6783625082DC60054BC5D /* Views+Extensions */,
				88763CC524FDDC6F00EE3409 /* Networking Tools */,
				88763CC124FDDBD200EE3409 /* Supporting Files */,
				88763CC324FDDBFD00EE3409 /* Models */,
				88763CC224FDDBE300EE3409 /* View Controllers */,
				88763CC424FDDC0C00EE3409 /* Storyboards */,
				88763CB524FDCCEB00EE3409 /* Info.plist */,
			);
			path = BirdFlower;
			sourceTree = "<group>";
		};
		88763CC124FDDBD200EE3409 /* Supporting Files */ = {
			isa = PBXGroup;
			children = (
				88763CB024FDCCEB00EE3409 /* Assets.xcassets */,
				88763CA724FDCCE900EE3409 /* AppDelegate.swift */,
				88763CA924FDCCE900EE3409 /* SceneDelegate.swift */,
				88763CBF24FDDB4E00EE3409 /* secrets.swift */,
			);
			path = "Supporting Files";
			sourceTree = "<group>";
		};
		88763CC224FDDBE300EE3409 /* View Controllers */ = {
			isa = PBXGroup;
			children = (
				88763CAB24FDCCE900EE3409 /* ListViewController.swift */,
				88763CCC24FDEA0300EE3409 /* RandomPairViewController.swift */,
				88D630A72501837F0033E275 /* MainTabBarController.swift */,
				88C0E8FC25055CB50089FED5 /* DetailViewController.swift */,
				88C67832250682150054BC5D /* AboutViewController.swift */,
				88C6783B25083A550054BC5D /* ImageZoomViewController.swift */,
			);
			path = "View Controllers";
			sourceTree = "<group>";
		};
		88763CC324FDDBFD00EE3409 /* Models */ = {
			isa = PBXGroup;
			children = (
				8836C51724FE809F00FCAABF /* flickPhoto.swift */,
				8836C51924FE80AD00FCAABF /* flickerSearch.swift */,
				88763CBB24FDCFD300EE3409 /* BirdSpecies.swift */,
				88763CCA24FDE49800EE3409 /* PlantsSpecies.swift */,
				8836C51024FDF58C00FCAABF /* PixaBayImage.swift */,
				88201A322502B513006152F1 /* FavoriteDuos.swift */,
			);
			path = Models;
			sourceTree = "<group>";
		};
		88763CC424FDDC0C00EE3409 /* Storyboards */ = {
			isa = PBXGroup;
			children = (
				88763CAD24FDCCE900EE3409 /* Main.storyboard */,
				88C6783025067FC90054BC5D /* AboutViewController.storyboard */,
				88C6782E2505B0870054BC5D /* DetailViewController.storyboard */,
				88763CB224FDCCEB00EE3409 /* LaunchScreen.storyboard */,
				88C67839250834CB0054BC5D /* ImageZoomViewController.storyboard */,
			);
			path = Storyboards;
			sourceTree = "<group>";
		};
		88763CC524FDDC6F00EE3409 /* Networking Tools */ = {
			isa = PBXGroup;
			children = (
				88763CC624FDDC8A00EE3409 /* NetworkHelper.swift */,
				8836C51B24FE816300FCAABF /* FlickerAPIClient.swift */,
			);
			path = "Networking Tools";
			sourceTree = "<group>";
		};
		88C6783625082DC60054BC5D /* Views+Extensions */ = {
			isa = PBXGroup;
			children = (
				88C678342506E7580054BC5D /* EmptyView.swift */,
				88D630A92501994C0033E275 /* UIViewController_Extension.swift */,
				88C6783725082DEE0054BC5D /* ImageZoomView.swift */,
			);
			path = "Views+Extensions";
			sourceTree = "<group>";
		};
/* End PBXGroup section */

/* Begin PBXNativeTarget section */
		88763CA324FDCCE900EE3409 /* BirdFlower */ = {
			isa = PBXNativeTarget;
			buildConfigurationList = 88763CB824FDCCEB00EE3409 /* Build configuration list for PBXNativeTarget "BirdFlower" */;
			buildPhases = (
				88763CA024FDCCE900EE3409 /* Sources */,
				88763CA124FDCCE900EE3409 /* Frameworks */,
				88763CA224FDCCE900EE3409 /* Resources */,
			);
			buildRules = (
			);
			dependencies = (
			);
			name = BirdFlower;
			packageProductDependencies = (
				8836C51324FDF63900FCAABF /* Kingfisher */,
				88D630A325017FDE0033E275 /* DataPersistence */,
			);
			productName = BirdFlower;
			productReference = 88763CA424FDCCE900EE3409 /* BotanicalBirds.app */;
			productType = "com.apple.product-type.application";
		};
/* End PBXNativeTarget section */

/* Begin PBXProject section */
		88763C9C24FDCCE900EE3409 /* Project object */ = {
			isa = PBXProject;
			attributes = {
				LastSwiftUpdateCheck = 1150;
				LastUpgradeCheck = 1150;
				ORGANIZATIONNAME = "Gregory Keeley";
				TargetAttributes = {
					88763CA324FDCCE900EE3409 = {
						CreatedOnToolsVersion = 11.5;
					};
				};
			};
			buildConfigurationList = 88763C9F24FDCCE900EE3409 /* Build configuration list for PBXProject "BirdFlower" */;
			compatibilityVersion = "Xcode 9.3";
			developmentRegion = en;
			hasScannedForEncodings = 0;
			knownRegions = (
				en,
				Base,
			);
			mainGroup = 88763C9B24FDCCE900EE3409;
			packageReferences = (
				8836C51224FDF63900FCAABF /* XCRemoteSwiftPackageReference "Kingfisher" */,
				88D630A225017FDE0033E275 /* XCRemoteSwiftPackageReference "DataPersistence" */,
			);
			productRefGroup = 88763CA524FDCCE900EE3409 /* Products */;
			projectDirPath = "";
			projectRoot = "";
			targets = (
				88763CA324FDCCE900EE3409 /* BirdFlower */,
			);
		};
/* End PBXProject section */

/* Begin PBXResourcesBuildPhase section */
		88763CA224FDCCE900EE3409 /* Resources */ = {
			isa = PBXResourcesBuildPhase;
			buildActionMask = 2147483647;
			files = (
				88C6783A250834CB0054BC5D /* ImageZoomViewController.storyboard in Resources */,
				88C6782F2505B0870054BC5D /* DetailViewController.storyboard in Resources */,
				88763CB424FDCCEB00EE3409 /* LaunchScreen.storyboard in Resources */,
				88763CB124FDCCEB00EE3409 /* Assets.xcassets in Resources */,
				88C6783125067FC90054BC5D /* AboutViewController.storyboard in Resources */,
				88763CAF24FDCCE900EE3409 /* Main.storyboard in Resources */,
			);
			runOnlyForDeploymentPostprocessing = 0;
		};
/* End PBXResourcesBuildPhase section */

/* Begin PBXSourcesBuildPhase section */
		88763CA024FDCCE900EE3409 /* Sources */ = {
			isa = PBXSourcesBuildPhase;
			buildActionMask = 2147483647;
			files = (
				88763CCD24FDEA0300EE3409 /* RandomPairViewController.swift in Sources */,
				8836C51824FE80A000FCAABF /* flickPhoto.swift in Sources */,
				8836C51124FDF58C00FCAABF /* PixaBayImage.swift in Sources */,
				8836C51A24FE80AD00FCAABF /* flickerSearch.swift in Sources */,
				88763CAC24FDCCE900EE3409 /* ListViewController.swift in Sources */,
				88763CBC24FDCFD300EE3409 /* BirdSpecies.swift in Sources */,
				88763CCB24FDE49800EE3409 /* PlantsSpecies.swift in Sources */,
				88C6783C25083A550054BC5D /* ImageZoomViewController.swift in Sources */,
				88C0E8FD25055CB50089FED5 /* DetailViewController.swift in Sources */,
				88C6783825082DEE0054BC5D /* ImageZoomView.swift in Sources */,
				88763CC024FDDB4E00EE3409 /* secrets.swift in Sources */,
				88C67833250682150054BC5D /* AboutViewController.swift in Sources */,
				88C678352506E7580054BC5D /* EmptyView.swift in Sources */,
				88201A332502B513006152F1 /* FavoriteDuos.swift in Sources */,
				88763CA824FDCCE900EE3409 /* AppDelegate.swift in Sources */,
				8836C51C24FE816300FCAABF /* FlickerAPIClient.swift in Sources */,
				88D630A82501837F0033E275 /* MainTabBarController.swift in Sources */,
				88763CC724FDDC8A00EE3409 /* NetworkHelper.swift in Sources */,
				88763CAA24FDCCE900EE3409 /* SceneDelegate.swift in Sources */,
				88D630AA2501994C0033E275 /* UIViewController_Extension.swift in Sources */,
			);
			runOnlyForDeploymentPostprocessing = 0;
		};
/* End PBXSourcesBuildPhase section */

/* Begin PBXVariantGroup section */
		88763CAD24FDCCE900EE3409 /* Main.storyboard */ = {
			isa = PBXVariantGroup;
			children = (
				88763CAE24FDCCE900EE3409 /* Base */,
			);
			name = Main.storyboard;
			sourceTree = "<group>";
		};
		88763CB224FDCCEB00EE3409 /* LaunchScreen.storyboard */ = {
			isa = PBXVariantGroup;
			children = (
				88763CB324FDCCEB00EE3409 /* Base */,
			);
			name = LaunchScreen.storyboard;
			sourceTree = "<group>";
		};
/* End PBXVariantGroup section */

/* Begin XCBuildConfiguration section */
		88763CB624FDCCEB00EE3409 /* Debug */ = {
			isa = XCBuildConfiguration;
			buildSettings = {
				ALWAYS_SEARCH_USER_PATHS = NO;
				CLANG_ANALYZER_NONNULL = YES;
				CLANG_ANALYZER_NUMBER_OBJECT_CONVERSION = YES_AGGRESSIVE;
				CLANG_CXX_LANGUAGE_STANDARD = "gnu++14";
				CLANG_CXX_LIBRARY = "libc++";
				CLANG_ENABLE_MODULES = YES;
				CLANG_ENABLE_OBJC_ARC = YES;
				CLANG_ENABLE_OBJC_WEAK = YES;
				CLANG_WARN_BLOCK_CAPTURE_AUTORELEASING = YES;
				CLANG_WARN_BOOL_CONVERSION = YES;
				CLANG_WARN_COMMA = YES;
				CLANG_WARN_CONSTANT_CONVERSION = YES;
				CLANG_WARN_DEPRECATED_OBJC_IMPLEMENTATIONS = YES;
				CLANG_WARN_DIRECT_OBJC_ISA_USAGE = YES_ERROR;
				CLANG_WARN_DOCUMENTATION_COMMENTS = YES;
				CLANG_WARN_EMPTY_BODY = YES;
				CLANG_WARN_ENUM_CONVERSION = YES;
				CLANG_WARN_INFINITE_RECURSION = YES;
				CLANG_WARN_INT_CONVERSION = YES;
				CLANG_WARN_NON_LITERAL_NULL_CONVERSION = YES;
				CLANG_WARN_OBJC_IMPLICIT_RETAIN_SELF = YES;
				CLANG_WARN_OBJC_LITERAL_CONVERSION = YES;
				CLANG_WARN_OBJC_ROOT_CLASS = YES_ERROR;
				CLANG_WARN_RANGE_LOOP_ANALYSIS = YES;
				CLANG_WARN_STRICT_PROTOTYPES = YES;
				CLANG_WARN_SUSPICIOUS_MOVE = YES;
				CLANG_WARN_UNGUARDED_AVAILABILITY = YES_AGGRESSIVE;
				CLANG_WARN_UNREACHABLE_CODE = YES;
				CLANG_WARN__DUPLICATE_METHOD_MATCH = YES;
				COPY_PHASE_STRIP = NO;
				DEBUG_INFORMATION_FORMAT = dwarf;
				ENABLE_STRICT_OBJC_MSGSEND = YES;
				ENABLE_TESTABILITY = YES;
				GCC_C_LANGUAGE_STANDARD = gnu11;
				GCC_DYNAMIC_NO_PIC = NO;
				GCC_NO_COMMON_BLOCKS = YES;
				GCC_OPTIMIZATION_LEVEL = 0;
				GCC_PREPROCESSOR_DEFINITIONS = (
					"DEBUG=1",
					"$(inherited)",
				);
				GCC_WARN_64_TO_32_BIT_CONVERSION = YES;
				GCC_WARN_ABOUT_RETURN_TYPE = YES_ERROR;
				GCC_WARN_UNDECLARED_SELECTOR = YES;
				GCC_WARN_UNINITIALIZED_AUTOS = YES_AGGRESSIVE;
				GCC_WARN_UNUSED_FUNCTION = YES;
				GCC_WARN_UNUSED_VARIABLE = YES;
				IPHONEOS_DEPLOYMENT_TARGET = 13.0;
				MTL_ENABLE_DEBUG_INFO = INCLUDE_SOURCE;
				MTL_FAST_MATH = YES;
				ONLY_ACTIVE_ARCH = YES;
				SDKROOT = iphoneos;
				SWIFT_ACTIVE_COMPILATION_CONDITIONS = DEBUG;
				SWIFT_OPTIMIZATION_LEVEL = "-Onone";
			};
			name = Debug;
		};
		88763CB724FDCCEB00EE3409 /* Release */ = {
			isa = XCBuildConfiguration;
			buildSettings = {
				ALWAYS_SEARCH_USER_PATHS = NO;
				CLANG_ANALYZER_NONNULL = YES;
				CLANG_ANALYZER_NUMBER_OBJECT_CONVERSION = YES_AGGRESSIVE;
				CLANG_CXX_LANGUAGE_STANDARD = "gnu++14";
				CLANG_CXX_LIBRARY = "libc++";
				CLANG_ENABLE_MODULES = YES;
				CLANG_ENABLE_OBJC_ARC = YES;
				CLANG_ENABLE_OBJC_WEAK = YES;
				CLANG_WARN_BLOCK_CAPTURE_AUTORELEASING = YES;
				CLANG_WARN_BOOL_CONVERSION = YES;
				CLANG_WARN_COMMA = YES;
				CLANG_WARN_CONSTANT_CONVERSION = YES;
				CLANG_WARN_DEPRECATED_OBJC_IMPLEMENTATIONS = YES;
				CLANG_WARN_DIRECT_OBJC_ISA_USAGE = YES_ERROR;
				CLANG_WARN_DOCUMENTATION_COMMENTS = YES;
				CLANG_WARN_EMPTY_BODY = YES;
				CLANG_WARN_ENUM_CONVERSION = YES;
				CLANG_WARN_INFINITE_RECURSION = YES;
				CLANG_WARN_INT_CONVERSION = YES;
				CLANG_WARN_NON_LITERAL_NULL_CONVERSION = YES;
				CLANG_WARN_OBJC_IMPLICIT_RETAIN_SELF = YES;
				CLANG_WARN_OBJC_LITERAL_CONVERSION = YES;
				CLANG_WARN_OBJC_ROOT_CLASS = YES_ERROR;
				CLANG_WARN_RANGE_LOOP_ANALYSIS = YES;
				CLANG_WARN_STRICT_PROTOTYPES = YES;
				CLANG_WARN_SUSPICIOUS_MOVE = YES;
				CLANG_WARN_UNGUARDED_AVAILABILITY = YES_AGGRESSIVE;
				CLANG_WARN_UNREACHABLE_CODE = YES;
				CLANG_WARN__DUPLICATE_METHOD_MATCH = YES;
				COPY_PHASE_STRIP = NO;
				DEBUG_INFORMATION_FORMAT = "dwarf-with-dsym";
				ENABLE_NS_ASSERTIONS = NO;
				ENABLE_STRICT_OBJC_MSGSEND = YES;
				GCC_C_LANGUAGE_STANDARD = gnu11;
				GCC_NO_COMMON_BLOCKS = YES;
				GCC_WARN_64_TO_32_BIT_CONVERSION = YES;
				GCC_WARN_ABOUT_RETURN_TYPE = YES_ERROR;
				GCC_WARN_UNDECLARED_SELECTOR = YES;
				GCC_WARN_UNINITIALIZED_AUTOS = YES_AGGRESSIVE;
				GCC_WARN_UNUSED_FUNCTION = YES;
				GCC_WARN_UNUSED_VARIABLE = YES;
				IPHONEOS_DEPLOYMENT_TARGET = 13.0;
				MTL_ENABLE_DEBUG_INFO = NO;
				MTL_FAST_MATH = YES;
				SDKROOT = iphoneos;
				SWIFT_COMPILATION_MODE = wholemodule;
				SWIFT_OPTIMIZATION_LEVEL = "-O";
				VALIDATE_PRODUCT = YES;
			};
			name = Release;
		};
		88763CB924FDCCEB00EE3409 /* Debug */ = {
			isa = XCBuildConfiguration;
			buildSettings = {
				ASSETCATALOG_COMPILER_APPICON_NAME = AppIcon;
				CODE_SIGN_STYLE = Automatic;
				CURRENT_PROJECT_VERSION = 7;
				DEVELOPMENT_TEAM = G4KQ459XHC;
				INFOPLIST_FILE = BirdFlower/Info.plist;
				LD_RUNPATH_SEARCH_PATHS = (
					"$(inherited)",
					"@executable_path/Frameworks",
				);
				PRODUCT_BUNDLE_IDENTIFIER = com.GregKeeley.BotanicalBirds;
				PRODUCT_NAME = BotanicalBirds;
				SWIFT_VERSION = 5.0;
				TARGETED_DEVICE_FAMILY = 1;
			};
			name = Debug;
		};
		88763CBA24FDCCEB00EE3409 /* Release */ = {
			isa = XCBuildConfiguration;
			buildSettings = {
				ASSETCATALOG_COMPILER_APPICON_NAME = AppIcon;
				CODE_SIGN_STYLE = Automatic;
				CURRENT_PROJECT_VERSION = 7;
				DEVELOPMENT_TEAM = G4KQ459XHC;
				INFOPLIST_FILE = BirdFlower/Info.plist;
				LD_RUNPATH_SEARCH_PATHS = (
					"$(inherited)",
					"@executable_path/Frameworks",
				);
				PRODUCT_BUNDLE_IDENTIFIER = com.GregKeeley.BotanicalBirds;
				PRODUCT_NAME = BotanicalBirds;
				SWIFT_VERSION = 5.0;
				TARGETED_DEVICE_FAMILY = 1;
			};
			name = Release;
		};
/* End XCBuildConfiguration section */

/* Begin XCConfigurationList section */
		88763C9F24FDCCE900EE3409 /* Build configuration list for PBXProject "BirdFlower" */ = {
			isa = XCConfigurationList;
			buildConfigurations = (
				88763CB624FDCCEB00EE3409 /* Debug */,
				88763CB724FDCCEB00EE3409 /* Release */,
			);
			defaultConfigurationIsVisible = 0;
			defaultConfigurationName = Release;
		};
		88763CB824FDCCEB00EE3409 /* Build configuration list for PBXNativeTarget "BirdFlower" */ = {
			isa = XCConfigurationList;
			buildConfigurations = (
				88763CB924FDCCEB00EE3409 /* Debug */,
				88763CBA24FDCCEB00EE3409 /* Release */,
			);
			defaultConfigurationIsVisible = 0;
			defaultConfigurationName = Release;
		};
/* End XCConfigurationList section */

/* Begin XCRemoteSwiftPackageReference section */
		8836C51224FDF63900FCAABF /* XCRemoteSwiftPackageReference "Kingfisher" */ = {
			isa = XCRemoteSwiftPackageReference;
			repositoryURL = "https://github.com/onevcat/Kingfisher.git";
			requirement = {
				kind = upToNextMajorVersion;
				minimumVersion = 5.15.0;
			};
		};
		88D630A225017FDE0033E275 /* XCRemoteSwiftPackageReference "DataPersistence" */ = {
			isa = XCRemoteSwiftPackageReference;
			repositoryURL = "https://github.com/alexpaul/DataPersistence/";
			requirement = {
				kind = upToNextMajorVersion;
				minimumVersion = 1.1.0;
			};
		};
/* End XCRemoteSwiftPackageReference section */

/* Begin XCSwiftPackageProductDependency section */
		8836C51324FDF63900FCAABF /* Kingfisher */ = {
			isa = XCSwiftPackageProductDependency;
			package = 8836C51224FDF63900FCAABF /* XCRemoteSwiftPackageReference "Kingfisher" */;
			productName = Kingfisher;
		};
		88D630A325017FDE0033E275 /* DataPersistence */ = {
			isa = XCSwiftPackageProductDependency;
			package = 88D630A225017FDE0033E275 /* XCRemoteSwiftPackageReference "DataPersistence" */;
			productName = DataPersistence;
		};
/* End XCSwiftPackageProductDependency section */
	};
	rootObject = 88763C9C24FDCCE900EE3409 /* Project object */;
}
